
Microsoft Visual Studio Solution File, Format Version 12.00
# Visual Studio Version 16
VisualStudioVersion = 16.0.29503.13
MinimumVisualStudioVersion = 10.0.40219.1
Project("{FAE04EC0-301F-11D3-BF4B-00C04F79EFBC}") = "TextAnalyzerNetCore", "TextAnalyzerNetCore\TextAnalyzerNetCore.csproj", "{0872D346-C797-4BDA-ADDB-2641708E5ED1}"
EndProject
Global
	GlobalSection(SolutionConfigurationPlatforms) = preSolution
		Debug|Any CPU = Debug|Any CPU
		Release|Any CPU = Release|Any CPU
	EndGlobalSection
	GlobalSection(ProjectConfigurationPlatforms) = postSolution
		{0872D346-C797-4BDA-ADDB-2641708E5ED1}.Debug|Any CPU.ActiveCfg = Debug|Any CPU
		{0872D346-C797-4BDA-ADDB-2641708E5ED1}.Debug|Any CPU.Build.0 = Debug|Any CPU
		{0872D346-C797-4BDA-ADDB-2641708E5ED1}.Release|Any CPU.ActiveCfg = Release|Any CPU
		{0872D346-C797-4BDA-ADDB-2641708E5ED1}.Release|Any CPU.Build.0 = Release|Any CPU
	EndGlobalSection
	GlobalSection(SolutionProperties) = preSolution
		HideSolutionNode = FALSE
	EndGlobalSection
	GlobalSection(ExtensibilityGlobals) = postSolution
		SolutionGuid = {03C71821-7AA9-4458-A05F-73C83E8419A5}
	EndGlobalSection
EndGlobal
